// !$*UTF8*$!
{
	archiveVersion = 1;
	classes = {
	};
	objectVersion = 46;
	objects = {

/* Begin PBXBuildFile section */
		F85803F61D44ED8200C103B9 /* main.cpp in Sources */ = {isa = PBXBuildFile; fileRef = F85803F51D44ED8200C103B9 /* main.cpp */; };
		F89B7AD81D3EA156000FE747 /* basics.cpp in Sources */ = {isa = PBXBuildFile; fileRef = F89B7AD71D3EA156000FE747 /* basics.cpp */; };
/* End PBXBuildFile section */

/* Begin PBXCopyFilesBuildPhase section */
		F89B7AD21D3EA155000FE747 /* CopyFiles */ = {
			isa = PBXCopyFilesBuildPhase;
			buildActionMask = 2147483647;
			dstPath = /usr/share/man/man1/;
			dstSubfolderSpec = 0;
			files = (
			);
			runOnlyForDeploymentPostprocessing = 1;
		};
/* End PBXCopyFilesBuildPhase section */

/* Begin PBXFileReference section */
		F85803F51D44ED8200C103B9 /* main.cpp */ = {isa = PBXFileReference; fileEncoding = 4; lastKnownFileType = sourcecode.cpp.cpp; path = main.cpp; sourceTree = "<group>"; };
		F85803F71D44EE6400C103B9 /* teapot.obj */ = {isa = PBXFileReference; fileEncoding = 4; lastKnownFileType = text; path = teapot.obj; sourceTree = "<group>"; };
		F89B7AD41D3EA155000FE747 /* Szkolenie_1 */ = {isa = PBXFileReference; explicitFileType = "compiled.mach-o.executable"; includeInIndex = 0; path = Szkolenie_1; sourceTree = BUILT_PRODUCTS_DIR; };
		F89B7AD71D3EA156000FE747 /* basics.cpp */ = {isa = PBXFileReference; lastKnownFileType = sourcecode.cpp.cpp; path = basics.cpp; sourceTree = "<group>"; };
/* End PBXFileReference section */

/* Begin PBXFrameworksBuildPhase section */
		F89B7AD11D3EA155000FE747 /* Frameworks */ = {
			isa = PBXFrameworksBuildPhase;
			buildActionMask = 2147483647;
			files = (
			);
			runOnlyForDeploymentPostprocessing = 0;
		};
/* End PBXFrameworksBuildPhase section */

/* Begin PBXGroup section */
		F89B7ACB1D3EA155000FE747 = {
			isa = PBXGroup;
			children = (
				F89B7AD61D3EA155000FE747 /* Szkolenie_1 */,
				F89B7AD51D3EA155000FE747 /* Products */,
			);
			sourceTree = "<group>";
		};
		F89B7AD51D3EA155000FE747 /* Products */ = {
			isa = PBXGroup;
			children = (
				F89B7AD41D3EA155000FE747 /* Szkolenie_1 */,
			);
			name = Products;
			sourceTree = "<group>";
		};
		F89B7AD61D3EA155000FE747 /* Szkolenie_1 */ = {
			isa = PBXGroup;
			children = (
				F85803F71D44EE6400C103B9 /* teapot.obj */,
				F89B7AD71D3EA156000FE747 /* basics.cpp */,
				F85803F51D44ED8200C103B9 /* main.cpp */,
			);
			path = Szkolenie_1;
			sourceTree = "<group>";
		};
/* End PBXGroup section */

/* Begin PBXNativeTarget section */
		F89B7AD31D3EA155000FE747 /* Szkolenie_1 */ = {
			isa = PBXNativeTarget;
			buildConfigurationList = F89B7ADB1D3EA156000FE747 /* Build configuration list for PBXNativeTarget "Szkolenie_1" */;
			buildPhases = (
				F89B7AD01D3EA155000FE747 /* Sources */,
				F89B7AD11D3EA155000FE747 /* Frameworks */,
				F89B7AD21D3EA155000FE747 /* CopyFiles */,
			);
			buildRules = (
			);
			dependencies = (
			);
			name = Szkolenie_1;
			productName = Szkolenie_1;
			productReference = F89B7AD41D3EA155000FE747 /* Szkolenie_1 */;
			productType = "com.apple.product-type.tool";
		};
/* End PBXNativeTarget section */

/* Begin PBXProject section */
		F89B7ACC1D3EA155000FE747 /* Project object */ = {
			isa = PBXProject;
			attributes = {
				LastUpgradeCheck = 0730;
				ORGANIZATIONNAME = "Bartek Banachewicz";
				TargetAttributes = {
					F89B7AD31D3EA155000FE747 = {
						CreatedOnToolsVersion = 7.3.1;
					};
				};
			};
			buildConfigurationList = F89B7ACF1D3EA155000FE747 /* Build configuration list for PBXProject "Szkolenie_1" */;
			compatibilityVersion = "Xcode 3.2";
			developmentRegion = English;
			hasScannedForEncodings = 0;
			knownRegions = (
				en,
			);
			mainGroup = F89B7ACB1D3EA155000FE747;
			productRefGroup = F89B7AD51D3EA155000FE747 /* Products */;
			projectDirPath = "";
			projectRoot = "";
			targets = (
				F89B7AD31D3EA155000FE747 /* Szkolenie_1 */,
			);
		};
/* End PBXProject section */

/* Begin PBXSourcesBuildPhase section */
		F89B7AD01D3EA155000FE747 /* Sources */ = {
			isa = PBXSourcesBuildPhase;
			buildActionMask = 2147483647;
			files = (
				F85803F61D44ED8200C103B9 /* main.cpp in Sources */,
				F89B7AD81D3EA156000FE747 /* basics.cpp in Sources */,
			);
			runOnlyForDeploymentPostprocessing = 0;
		};
/* End PBXSourcesBuildPhase section */

/* Begin XCBuildConfiguration section */
		F89B7AD91D3EA156000FE747 /* Debug */ = {
			isa = XCBuildConfiguration;
			buildSettings = {
				ALWAYS_SEARCH_USER_PATHS = NO;
				CLANG_ANALYZER_NONNULL = YES;
				CLANG_CXX_LANGUAGE_STANDARD = "gnu++0x";
				CLANG_CXX_LIBRARY = "libc++";
				CLANG_ENABLE_MODULES = YES;
				CLANG_ENABLE_OBJC_ARC = YES;
				CLANG_WARN_BOOL_CONVERSION = YES;
				CLANG_WARN_CONSTANT_CONVERSION = YES;
				CLANG_WARN_DIRECT_OBJC_ISA_USAGE = YES_ERROR;
				CLANG_WARN_EMPTY_BODY = YES;
				CLANG_WARN_ENUM_CONVERSION = YES;
				CLANG_WARN_INT_CONVERSION = YES;
				CLANG_WARN_OBJC_ROOT_CLASS = YES_ERROR;
				CLANG_WARN_UNREACHABLE_CODE = YES;
				CLANG_WARN__DUPLICATE_METHOD_MATCH = YES;
				CODE_SIGN_IDENTITY = "-";
				COPY_PHASE_STRIP = NO;
				DEBUG_INFORMATION_FORMAT = dwarf;
				ENABLE_STRICT_OBJC_MSGSEND = YES;
				ENABLE_TESTABILITY = YES;
				GCC_C_LANGUAGE_STANDARD = gnu99;
				GCC_DYNAMIC_NO_PIC = NO;
				GCC_NO_COMMON_BLOCKS = YES;
				GCC_OPTIMIZATION_LEVEL = 0;
				GCC_PREPROCESSOR_DEFINITIONS = (
					"DEBUG=1",
					"$(inherited)",
				);
				GCC_WARN_64_TO_32_BIT_CONVERSION = YES;
				GCC_WARN_ABOUT_RETURN_TYPE = YES_ERROR;
				GCC_WARN_UNDECLARED_SELECTOR = YES;
				GCC_WARN_UNINITIALIZED_AUTOS = YES_AGGRESSIVE;
				GCC_WARN_UNUSED_FUNCTION = YES;
				GCC_WARN_UNUSED_VARIABLE = YES;
				MACOSX_DEPLOYMENT_TARGET = 10.11;
				MTL_ENABLE_DEBUG_INFO = YES;
				ONLY_ACTIVE_ARCH = YES;
				SDKROOT = macosx;
			};
			name = Debug;
		};
		F89B7ADA1D3EA156000FE747 /* Release */ = {
			isa = XCBuildConfiguration;
			buildSettings = {
				ALWAYS_SEARCH_USER_PATHS = NO;
				CLANG_ANALYZER_NONNULL = YES;
				CLANG_CXX_LANGUAGE_STANDARD = "gnu++0x";
				CLANG_CXX_LIBRARY = "libc++";
				CLANG_ENABLE_MODULES = YES;
				CLANG_ENABLE_OBJC_ARC = YES;
				CLANG_WARN_BOOL_CONVERSION = YES;
				CLANG_WARN_CONSTANT_CONVERSION = YES;
				CLANG_WARN_DIRECT_OBJC_ISA_USAGE = YES_ERROR;
				CLANG_WARN_EMPTY_BODY = YES;
				CLANG_WARN_ENUM_CONVERSION = YES;
				CLANG_WARN_INT_CONVERSION = YES;
				CLANG_WARN_OBJC_ROOT_CLASS = YES_ERROR;
				CLANG_WARN_UNREACHABLE_CODE = YES;
				CLANG_WARN__DUPLICATE_METHOD_MATCH = YES;
				CODE_SIGN_IDENTITY = "-";
				COPY_PHASE_STRIP = NO;
				DEBUG_INFORMATION_FORMAT = "dwarf-with-dsym";
				ENABLE_NS_ASSERTIONS = NO;
				ENABLE_STRICT_OBJC_MSGSEND = YES;
				GCC_C_LANGUAGE_STANDARD = gnu99;
				GCC_NO_COMMON_BLOCKS = YES;
				GCC_WARN_64_TO_32_BIT_CONVERSION = YES;
				GCC_WARN_ABOUT_RETURN_TYPE = YES_ERROR;
				GCC_WARN_UNDECLARED_SELECTOR = YES;
				GCC_WARN_UNINITIALIZED_AUTOS = YES_AGGRESSIVE;
				GCC_WARN_UNUSED_FUNCTION = YES;
				GCC_WARN_UNUSED_VARIABLE = YES;
				MACOSX_DEPLOYMENT_TARGET = 10.11;
				MTL_ENABLE_DEBUG_INFO = NO;
				SDKROOT = macosx;
			};
			name = Release;
		};
		F89B7ADC1D3EA156000FE747 /* Debug */ = {
			isa = XCBuildConfiguration;
			buildSettings = {
				PRODUCT_NAME = "$(TARGET_NAME)";
			};
			name = Debug;
		};
		F89B7ADD1D3EA156000FE747 /* Release */ = {
			isa = XCBuildConfiguration;
			buildSettings = {
				PRODUCT_NAME = "$(TARGET_NAME)";
			};
			name = Release;
		};
/* End XCBuildConfiguration section */

/* Begin XCConfigurationList section */
		F89B7ACF1D3EA155000FE747 /* Build configuration list for PBXProject "Szkolenie_1" */ = {
			isa = XCConfigurationList;
			buildConfigurations = (
				F89B7AD91D3EA156000FE747 /* Debug */,
				F89B7ADA1D3EA156000FE747 /* Release */,
			);
			defaultConfigurationIsVisible = 0;
			defaultConfigurationName = Release;
		};
		F89B7ADB1D3EA156000FE747 /* Build configuration list for PBXNativeTarget "Szkolenie_1" */ = {
			isa = XCConfigurationList;
			buildConfigurations = (
				F89B7ADC1D3EA156000FE747 /* Debug */,
				F89B7ADD1D3EA156000FE747 /* Release */,
			);
			defaultConfigurationIsVisible = 0;
			defaultConfigurationName = Release;
		};
/* End XCConfigurationList section */
	};
	rootObject = F89B7ACC1D3EA155000FE747 /* Project object */;
}
